// !$*UTF8*$!
{
	archiveVersion = 1;
	classes = {
	};
	objectVersion = 46;
	objects = {

/* Begin PBXBuildFile section */
		10096B4D1EBA27F30098ACBF /* Main.storyboard in Resources */ = {isa = PBXBuildFile; fileRef = 1FA1F6751EB6F2330080E2C0 /* Main.storyboard */; };
		10096B501EBABA220098ACBF /* Const.m in Sources */ = {isa = PBXBuildFile; fileRef = 10096B4F1EBABA220098ACBF /* Const.m */; };
		10096B511EBABA220098ACBF /* Const.m in Sources */ = {isa = PBXBuildFile; fileRef = 10096B4F1EBABA220098ACBF /* Const.m */; };
		10096B541EBAE1E40098ACBF /* NSString+decodeJSONString.m in Sources */ = {isa = PBXBuildFile; fileRef = 10096B531EBAE1E40098ACBF /* NSString+decodeJSONString.m */; };
		10096B551EBAE1E40098ACBF /* NSString+decodeJSONString.m in Sources */ = {isa = PBXBuildFile; fileRef = 10096B531EBAE1E40098ACBF /* NSString+decodeJSONString.m */; };
		1FA1F66E1EB6F2330080E2C0 /* main.m in Sources */ = {isa = PBXBuildFile; fileRef = 1FA1F66D1EB6F2330080E2C0 /* main.m */; };
		1FA1F6711EB6F2330080E2C0 /* AppDelegate.m in Sources */ = {isa = PBXBuildFile; fileRef = 1FA1F6701EB6F2330080E2C0 /* AppDelegate.m */; };
		1FA1F6741EB6F2330080E2C0 /* CalendarViewController.m in Sources */ = {isa = PBXBuildFile; fileRef = 1FA1F6731EB6F2330080E2C0 /* CalendarViewController.m */; };
		1FA1F6771EB6F2330080E2C0 /* Main.storyboard in Resources */ = {isa = PBXBuildFile; fileRef = 1FA1F6751EB6F2330080E2C0 /* Main.storyboard */; };
		1FA1F6791EB6F2330080E2C0 /* Assets.xcassets in Resources */ = {isa = PBXBuildFile; fileRef = 1FA1F6781EB6F2330080E2C0 /* Assets.xcassets */; };
		1FA1F67C1EB6F2330080E2C0 /* LaunchScreen.storyboard in Resources */ = {isa = PBXBuildFile; fileRef = 1FA1F67A1EB6F2330080E2C0 /* LaunchScreen.storyboard */; };
		1FA1F6871EB6F2330080E2C0 /* CollectionViewTestTests.m in Sources */ = {isa = PBXBuildFile; fileRef = 1FA1F6861EB6F2330080E2C0 /* CollectionViewTestTests.m */; };
		1FA1F6971EB6FA230080E2C0 /* CalendarCell.m in Sources */ = {isa = PBXBuildFile; fileRef = 1FA1F6951EB6FA230080E2C0 /* CalendarCell.m */; };
		1FA1F6981EB6FA230080E2C0 /* CalendarCell.xib in Resources */ = {isa = PBXBuildFile; fileRef = 1FA1F6961EB6FA230080E2C0 /* CalendarCell.xib */; };
		1FA1F69B1EB6FD2D0080E2C0 /* CalendarDataSource.m in Sources */ = {isa = PBXBuildFile; fileRef = 1FA1F69A1EB6FD2D0080E2C0 /* CalendarDataSource.m */; };
		1FA1F6A11EB72A650080E2C0 /* CalendarDelegateFlowLayout.m in Sources */ = {isa = PBXBuildFile; fileRef = 1FA1F6A01EB72A650080E2C0 /* CalendarDelegateFlowLayout.m */; };
		1FA1F6A41EB72CF40080E2C0 /* NSDate+Extension.m in Sources */ = {isa = PBXBuildFile; fileRef = 1FA1F6A31EB72CF40080E2C0 /* NSDate+Extension.m */; };
/* End PBXBuildFile section */

/* Begin PBXContainerItemProxy section */
		1FA1F6831EB6F2330080E2C0 /* PBXContainerItemProxy */ = {
			isa = PBXContainerItemProxy;
			containerPortal = 1FA1F6611EB6F2330080E2C0 /* Project object */;
			proxyType = 1;
			remoteGlobalIDString = 1FA1F6681EB6F2330080E2C0;
			remoteInfo = CollectionViewTest;
		};
/* End PBXContainerItemProxy section */

/* Begin PBXFileReference section */
		10096B4E1EBABA210098ACBF /* Const.h */ = {isa = PBXFileReference; fileEncoding = 4; lastKnownFileType = sourcecode.c.h; path = Const.h; sourceTree = "<group>"; };
		10096B4F1EBABA220098ACBF /* Const.m */ = {isa = PBXFileReference; fileEncoding = 4; lastKnownFileType = sourcecode.c.objc; path = Const.m; sourceTree = "<group>"; };
		10096B521EBAE1E40098ACBF /* NSString+decodeJSONString.h */ = {isa = PBXFileReference; fileEncoding = 4; lastKnownFileType = sourcecode.c.h; path = "NSString+decodeJSONString.h"; sourceTree = "<group>"; };
		10096B531EBAE1E40098ACBF /* NSString+decodeJSONString.m */ = {isa = PBXFileReference; fileEncoding = 4; lastKnownFileType = sourcecode.c.objc; path = "NSString+decodeJSONString.m"; sourceTree = "<group>"; };
		1FA1F6691EB6F2330080E2C0 /* CollectionViewTest.app */ = {isa = PBXFileReference; explicitFileType = wrapper.application; includeInIndex = 0; path = CollectionViewTest.app; sourceTree = BUILT_PRODUCTS_DIR; };
		1FA1F66D1EB6F2330080E2C0 /* main.m */ = {isa = PBXFileReference; lastKnownFileType = sourcecode.c.objc; path = main.m; sourceTree = "<group>"; };
		1FA1F66F1EB6F2330080E2C0 /* AppDelegate.h */ = {isa = PBXFileReference; lastKnownFileType = sourcecode.c.h; path = AppDelegate.h; sourceTree = "<group>"; };
		1FA1F6701EB6F2330080E2C0 /* AppDelegate.m */ = {isa = PBXFileReference; lastKnownFileType = sourcecode.c.objc; path = AppDelegate.m; sourceTree = "<group>"; };
		1FA1F6721EB6F2330080E2C0 /* CalendarViewController.h */ = {isa = PBXFileReference; lastKnownFileType = sourcecode.c.h; path = CalendarViewController.h; sourceTree = "<group>"; };
		1FA1F6731EB6F2330080E2C0 /* CalendarViewController.m */ = {isa = PBXFileReference; lastKnownFileType = sourcecode.c.objc; path = CalendarViewController.m; sourceTree = "<group>"; };
		1FA1F6761EB6F2330080E2C0 /* Base */ = {isa = PBXFileReference; lastKnownFileType = file.storyboard; name = Base; path = Base.lproj/Main.storyboard; sourceTree = "<group>"; };
		1FA1F6781EB6F2330080E2C0 /* Assets.xcassets */ = {isa = PBXFileReference; lastKnownFileType = folder.assetcatalog; path = Assets.xcassets; sourceTree = "<group>"; };
		1FA1F67B1EB6F2330080E2C0 /* Base */ = {isa = PBXFileReference; lastKnownFileType = file.storyboard; name = Base; path = Base.lproj/LaunchScreen.storyboard; sourceTree = "<group>"; };
		1FA1F67D1EB6F2330080E2C0 /* Info.plist */ = {isa = PBXFileReference; lastKnownFileType = text.plist.xml; path = Info.plist; sourceTree = "<group>"; };
		1FA1F6821EB6F2330080E2C0 /* CollectionViewTestTests.xctest */ = {isa = PBXFileReference; explicitFileType = wrapper.cfbundle; includeInIndex = 0; path = CollectionViewTestTests.xctest; sourceTree = BUILT_PRODUCTS_DIR; };
		1FA1F6861EB6F2330080E2C0 /* CollectionViewTestTests.m */ = {isa = PBXFileReference; lastKnownFileType = sourcecode.c.objc; path = CollectionViewTestTests.m; sourceTree = "<group>"; };
		1FA1F6881EB6F2330080E2C0 /* Info.plist */ = {isa = PBXFileReference; lastKnownFileType = text.plist.xml; path = Info.plist; sourceTree = "<group>"; };
		1FA1F6941EB6FA230080E2C0 /* CalendarCell.h */ = {isa = PBXFileReference; fileEncoding = 4; lastKnownFileType = sourcecode.c.h; path = CalendarCell.h; sourceTree = "<group>"; };
		1FA1F6951EB6FA230080E2C0 /* CalendarCell.m */ = {isa = PBXFileReference; fileEncoding = 4; lastKnownFileType = sourcecode.c.objc; path = CalendarCell.m; sourceTree = "<group>"; };
		1FA1F6961EB6FA230080E2C0 /* CalendarCell.xib */ = {isa = PBXFileReference; fileEncoding = 4; lastKnownFileType = file.xib; path = CalendarCell.xib; sourceTree = "<group>"; };
		1FA1F6991EB6FD2D0080E2C0 /* CalendarDataSource.h */ = {isa = PBXFileReference; fileEncoding = 4; lastKnownFileType = sourcecode.c.h; path = CalendarDataSource.h; sourceTree = "<group>"; };
		1FA1F69A1EB6FD2D0080E2C0 /* CalendarDataSource.m */ = {isa = PBXFileReference; fileEncoding = 4; lastKnownFileType = sourcecode.c.objc; path = CalendarDataSource.m; sourceTree = "<group>"; };
		1FA1F69F1EB72A650080E2C0 /* CalendarDelegateFlowLayout.h */ = {isa = PBXFileReference; fileEncoding = 4; lastKnownFileType = sourcecode.c.h; path = CalendarDelegateFlowLayout.h; sourceTree = "<group>"; };
		1FA1F6A01EB72A650080E2C0 /* CalendarDelegateFlowLayout.m */ = {isa = PBXFileReference; fileEncoding = 4; lastKnownFileType = sourcecode.c.objc; path = CalendarDelegateFlowLayout.m; sourceTree = "<group>"; };
		1FA1F6A21EB72CF40080E2C0 /* NSDate+Extension.h */ = {isa = PBXFileReference; fileEncoding = 4; lastKnownFileType = sourcecode.c.h; path = "NSDate+Extension.h"; sourceTree = "<group>"; };
		1FA1F6A31EB72CF40080E2C0 /* NSDate+Extension.m */ = {isa = PBXFileReference; fileEncoding = 4; lastKnownFileType = sourcecode.c.objc; path = "NSDate+Extension.m"; sourceTree = "<group>"; };
/* End PBXFileReference section */

/* Begin PBXFrameworksBuildPhase section */
		1FA1F6661EB6F2330080E2C0 /* Frameworks */ = {
			isa = PBXFrameworksBuildPhase;
			buildActionMask = 2147483647;
			files = (
			);
			runOnlyForDeploymentPostprocessing = 0;
		};
		1FA1F67F1EB6F2330080E2C0 /* Frameworks */ = {
			isa = PBXFrameworksBuildPhase;
			buildActionMask = 2147483647;
			files = (
			);
			runOnlyForDeploymentPostprocessing = 0;
		};
/* End PBXFrameworksBuildPhase section */

/* Begin PBXGroup section */
		1FA1F6601EB6F2330080E2C0 = {
			isa = PBXGroup;
			children = (
				1FA1F66B1EB6F2330080E2C0 /* CollectionViewTest */,
				1FA1F6851EB6F2330080E2C0 /* CollectionViewTestTests */,
				1FA1F66A1EB6F2330080E2C0 /* Products */,
			);
			sourceTree = "<group>";
		};
		1FA1F66A1EB6F2330080E2C0 /* Products */ = {
			isa = PBXGroup;
			children = (
				1FA1F6691EB6F2330080E2C0 /* CollectionViewTest.app */,
				1FA1F6821EB6F2330080E2C0 /* CollectionViewTestTests.xctest */,
			);
			name = Products;
			sourceTree = "<group>";
		};
		1FA1F66B1EB6F2330080E2C0 /* CollectionViewTest */ = {
			isa = PBXGroup;
			children = (
				1FA1F69E1EB6FD510080E2C0 /* Controller */,
				1FA1F69C1EB6FD370080E2C0 /* Resources */,
				1FA1F66C1EB6F2330080E2C0 /* Supporting Files */,
				1FA1F69D1EB6FD470080E2C0 /* View */,
			);
			path = CollectionViewTest;
			sourceTree = "<group>";
		};
		1FA1F66C1EB6F2330080E2C0 /* Supporting Files */ = {
			isa = PBXGroup;
			children = (
				10096B4E1EBABA210098ACBF /* Const.h */,
				10096B4F1EBABA220098ACBF /* Const.m */,
				1FA1F6A21EB72CF40080E2C0 /* NSDate+Extension.h */,
				1FA1F6A31EB72CF40080E2C0 /* NSDate+Extension.m */,
				10096B521EBAE1E40098ACBF /* NSString+decodeJSONString.h */,
				10096B531EBAE1E40098ACBF /* NSString+decodeJSONString.m */,
				1FA1F66D1EB6F2330080E2C0 /* main.m */,
			);
			name = "Supporting Files";
			path = "Supporting Files";
			sourceTree = "<group>";
		};
		1FA1F6851EB6F2330080E2C0 /* CollectionViewTestTests */ = {
			isa = PBXGroup;
			children = (
				1FA1F6861EB6F2330080E2C0 /* CollectionViewTestTests.m */,
				1FA1F6881EB6F2330080E2C0 /* Info.plist */,
			);
			path = CollectionViewTestTests;
			sourceTree = "<group>";
		};
		1FA1F69C1EB6FD370080E2C0 /* Resources */ = {
			isa = PBXGroup;
			children = (
				1FA1F6781EB6F2330080E2C0 /* Assets.xcassets */,
				1FA1F67D1EB6F2330080E2C0 /* Info.plist */,
				1FA1F67A1EB6F2330080E2C0 /* LaunchScreen.storyboard */,
			);
			name = Resources;
			path = Resources;
			sourceTree = "<group>";
		};
		1FA1F69D1EB6FD470080E2C0 /* View */ = {
			isa = PBXGroup;
			children = (
				1FA1F6941EB6FA230080E2C0 /* CalendarCell.h */,
				1FA1F6951EB6FA230080E2C0 /* CalendarCell.m */,
				1FA1F6961EB6FA230080E2C0 /* CalendarCell.xib */,
				1FA1F6991EB6FD2D0080E2C0 /* CalendarDataSource.h */,
				1FA1F69A1EB6FD2D0080E2C0 /* CalendarDataSource.m */,
				1FA1F69F1EB72A650080E2C0 /* CalendarDelegateFlowLayout.h */,
				1FA1F6A01EB72A650080E2C0 /* CalendarDelegateFlowLayout.m */,
				1FA1F6751EB6F2330080E2C0 /* Main.storyboard */,
			);
			name = View;
			path = View;
			sourceTree = "<group>";
		};
		1FA1F69E1EB6FD510080E2C0 /* Controller */ = {
			isa = PBXGroup;
			children = (
				1FA1F66F1EB6F2330080E2C0 /* AppDelegate.h */,
				1FA1F6701EB6F2330080E2C0 /* AppDelegate.m */,
				1FA1F6721EB6F2330080E2C0 /* CalendarViewController.h */,
				1FA1F6731EB6F2330080E2C0 /* CalendarViewController.m */,
			);
			name = Controller;
			path = Controller;
			sourceTree = "<group>";
		};
/* End PBXGroup section */

/* Begin PBXNativeTarget section */
		1FA1F6681EB6F2330080E2C0 /* CollectionViewTest */ = {
			isa = PBXNativeTarget;
			buildConfigurationList = 1FA1F68B1EB6F2330080E2C0 /* Build configuration list for PBXNativeTarget "CollectionViewTest" */;
			buildPhases = (
				1FA1F6651EB6F2330080E2C0 /* Sources */,
				1FA1F6661EB6F2330080E2C0 /* Frameworks */,
				1FA1F6671EB6F2330080E2C0 /* Resources */,
			);
			buildRules = (
			);
			dependencies = (
			);
			name = CollectionViewTest;
			productName = CollectionViewTest;
			productReference = 1FA1F6691EB6F2330080E2C0 /* CollectionViewTest.app */;
			productType = "com.apple.product-type.application";
		};
		1FA1F6811EB6F2330080E2C0 /* CollectionViewTestTests */ = {
			isa = PBXNativeTarget;
			buildConfigurationList = 1FA1F68E1EB6F2330080E2C0 /* Build configuration list for PBXNativeTarget "CollectionViewTestTests" */;
			buildPhases = (
				1FA1F67E1EB6F2330080E2C0 /* Sources */,
				1FA1F67F1EB6F2330080E2C0 /* Frameworks */,
				1FA1F6801EB6F2330080E2C0 /* Resources */,
			);
			buildRules = (
			);
			dependencies = (
				1FA1F6841EB6F2330080E2C0 /* PBXTargetDependency */,
			);
			name = CollectionViewTestTests;
			productName = CollectionViewTestTests;
			productReference = 1FA1F6821EB6F2330080E2C0 /* CollectionViewTestTests.xctest */;
			productType = "com.apple.product-type.bundle.unit-test";
		};
/* End PBXNativeTarget section */

/* Begin PBXProject section */
		1FA1F6611EB6F2330080E2C0 /* Project object */ = {
			isa = PBXProject;
			attributes = {
				LastUpgradeCheck = 0830;
				ORGANIZATIONNAME = stv;
				TargetAttributes = {
					1FA1F6681EB6F2330080E2C0 = {
						CreatedOnToolsVersion = 8.3.2;
						DevelopmentTeam = PCCZJUYRT6;
						ProvisioningStyle = Automatic;
					};
					1FA1F6811EB6F2330080E2C0 = {
						CreatedOnToolsVersion = 8.3.2;
						DevelopmentTeam = PCCZJUYRT6;
						ProvisioningStyle = Automatic;
						TestTargetID = 1FA1F6681EB6F2330080E2C0;
					};
				};
			};
			buildConfigurationList = 1FA1F6641EB6F2330080E2C0 /* Build configuration list for PBXProject "CollectionViewTest" */;
			compatibilityVersion = "Xcode 3.2";
			developmentRegion = English;
			hasScannedForEncodings = 0;
			knownRegions = (
				en,
				Base,
			);
			mainGroup = 1FA1F6601EB6F2330080E2C0;
			productRefGroup = 1FA1F66A1EB6F2330080E2C0 /* Products */;
			projectDirPath = "";
			projectRoot = "";
			targets = (
				1FA1F6681EB6F2330080E2C0 /* CollectionViewTest */,
				1FA1F6811EB6F2330080E2C0 /* CollectionViewTestTests */,
			);
		};
/* End PBXProject section */

/* Begin PBXResourcesBuildPhase section */
		1FA1F6671EB6F2330080E2C0 /* Resources */ = {
			isa = PBXResourcesBuildPhase;
			buildActionMask = 2147483647;
			files = (
				1FA1F67C1EB6F2330080E2C0 /* LaunchScreen.storyboard in Resources */,
				1FA1F6791EB6F2330080E2C0 /* Assets.xcassets in Resources */,
				1FA1F6771EB6F2330080E2C0 /* Main.storyboard in Resources */,
				1FA1F6981EB6FA230080E2C0 /* CalendarCell.xib in Resources */,
			);
			runOnlyForDeploymentPostprocessing = 0;
		};
		1FA1F6801EB6F2330080E2C0 /* Resources */ = {
			isa = PBXResourcesBuildPhase;
			buildActionMask = 2147483647;
			files = (
				10096B4D1EBA27F30098ACBF /* Main.storyboard in Resources */,
			);
			runOnlyForDeploymentPostprocessing = 0;
		};
/* End PBXResourcesBuildPhase section */

/* Begin PBXSourcesBuildPhase section */
		1FA1F6651EB6F2330080E2C0 /* Sources */ = {
			isa = PBXSourcesBuildPhase;
			buildActionMask = 2147483647;
			files = (
				1FA1F6A41EB72CF40080E2C0 /* NSDate+Extension.m in Sources */,
				10096B501EBABA220098ACBF /* Const.m in Sources */,
				1FA1F6741EB6F2330080E2C0 /* CalendarViewController.m in Sources */,
				10096B541EBAE1E40098ACBF /* NSString+decodeJSONString.m in Sources */,
				1FA1F69B1EB6FD2D0080E2C0 /* CalendarDataSource.m in Sources */,
				1FA1F6711EB6F2330080E2C0 /* AppDelegate.m in Sources */,
				1FA1F66E1EB6F2330080E2C0 /* main.m in Sources */,
				1FA1F6971EB6FA230080E2C0 /* CalendarCell.m in Sources */,
				1FA1F6A11EB72A650080E2C0 /* CalendarDelegateFlowLayout.m in Sources */,
			);
			runOnlyForDeploymentPostprocessing = 0;
		};
		1FA1F67E1EB6F2330080E2C0 /* Sources */ = {
			isa = PBXSourcesBuildPhase;
			buildActionMask = 2147483647;
			files = (
				10096B551EBAE1E40098ACBF /* NSString+decodeJSONString.m in Sources */,
				1FA1F6871EB6F2330080E2C0 /* CollectionViewTestTests.m in Sources */,
				10096B511EBABA220098ACBF /* Const.m in Sources */,
			);
			runOnlyForDeploymentPostprocessing = 0;
		};
/* End PBXSourcesBuildPhase section */

/* Begin PBXTargetDependency section */
		1FA1F6841EB6F2330080E2C0 /* PBXTargetDependency */ = {
			isa = PBXTargetDependency;
			target = 1FA1F6681EB6F2330080E2C0 /* CollectionViewTest */;
			targetProxy = 1FA1F6831EB6F2330080E2C0 /* PBXContainerItemProxy */;
		};
/* End PBXTargetDependency section */

/* Begin PBXVariantGroup section */
		1FA1F6751EB6F2330080E2C0 /* Main.storyboard */ = {
			isa = PBXVariantGroup;
			children = (
				1FA1F6761EB6F2330080E2C0 /* Base */,
			);
			name = Main.storyboard;
			path = .;
			sourceTree = "<group>";
		};
		1FA1F67A1EB6F2330080E2C0 /* LaunchScreen.storyboard */ = {
			isa = PBXVariantGroup;
			children = (
				1FA1F67B1EB6F2330080E2C0 /* Base */,
			);
			name = LaunchScreen.storyboard;
			path = .;
			sourceTree = "<group>";
		};
/* End PBXVariantGroup section */

/* Begin XCBuildConfiguration section */
		1FA1F6891EB6F2330080E2C0 /* Debug */ = {
			isa = XCBuildConfiguration;
			buildSettings = {
				ALWAYS_SEARCH_USER_PATHS = NO;
				CLANG_ANALYZER_NONNULL = YES;
				CLANG_ANALYZER_NUMBER_OBJECT_CONVERSION = YES_AGGRESSIVE;
				CLANG_CXX_LANGUAGE_STANDARD = "gnu++0x";
				CLANG_CXX_LIBRARY = "libc++";
				CLANG_ENABLE_MODULES = YES;
				CLANG_ENABLE_OBJC_ARC = YES;
				CLANG_WARN_BOOL_CONVERSION = YES;
				CLANG_WARN_CONSTANT_CONVERSION = YES;
				CLANG_WARN_DIRECT_OBJC_ISA_USAGE = YES_ERROR;
				CLANG_WARN_DOCUMENTATION_COMMENTS = YES;
				CLANG_WARN_EMPTY_BODY = YES;
				CLANG_WARN_ENUM_CONVERSION = YES;
				CLANG_WARN_INFINITE_RECURSION = YES;
				CLANG_WARN_INT_CONVERSION = YES;
				CLANG_WARN_OBJC_ROOT_CLASS = YES_ERROR;
				CLANG_WARN_SUSPICIOUS_MOVE = YES;
				CLANG_WARN_UNREACHABLE_CODE = YES;
				CLANG_WARN__DUPLICATE_METHOD_MATCH = YES;
				"CODE_SIGN_IDENTITY[sdk=iphoneos*]" = "iPhone Developer";
				COPY_PHASE_STRIP = NO;
				DEBUG_INFORMATION_FORMAT = dwarf;
				ENABLE_STRICT_OBJC_MSGSEND = YES;
				ENABLE_TESTABILITY = YES;
				GCC_C_LANGUAGE_STANDARD = gnu99;
				GCC_DYNAMIC_NO_PIC = NO;
				GCC_NO_COMMON_BLOCKS = YES;
				GCC_OPTIMIZATION_LEVEL = 0;
				GCC_PREPROCESSOR_DEFINITIONS = (
					"DEBUG=1",
					"$(inherited)",
				);
				GCC_WARN_64_TO_32_BIT_CONVERSION = YES;
				GCC_WARN_ABOUT_RETURN_TYPE = YES_ERROR;
				GCC_WARN_UNDECLARED_SELECTOR = YES;
				GCC_WARN_UNINITIALIZED_AUTOS = YES_AGGRESSIVE;
				GCC_WARN_UNUSED_FUNCTION = YES;
				GCC_WARN_UNUSED_VARIABLE = YES;
				IPHONEOS_DEPLOYMENT_TARGET = 10.3;
				MTL_ENABLE_DEBUG_INFO = YES;
				ONLY_ACTIVE_ARCH = YES;
				SDKROOT = iphoneos;
			};
			name = Debug;
		};
		1FA1F68A1EB6F2330080E2C0 /* Release */ = {
			isa = XCBuildConfiguration;
			buildSettings = {
				ALWAYS_SEARCH_USER_PATHS = NO;
				CLANG_ANALYZER_NONNULL = YES;
				CLANG_ANALYZER_NUMBER_OBJECT_CONVERSION = YES_AGGRESSIVE;
				CLANG_CXX_LANGUAGE_STANDARD = "gnu++0x";
				CLANG_CXX_LIBRARY = "libc++";
				CLANG_ENABLE_MODULES = YES;
				CLANG_ENABLE_OBJC_ARC = YES;
				CLANG_WARN_BOOL_CONVERSION = YES;
				CLANG_WARN_CONSTANT_CONVERSION = YES;
				CLANG_WARN_DIRECT_OBJC_ISA_USAGE = YES_ERROR;
				CLANG_WARN_DOCUMENTATION_COMMENTS = YES;
				CLANG_WARN_EMPTY_BODY = YES;
				CLANG_WARN_ENUM_CONVERSION = YES;
				CLANG_WARN_INFINITE_RECURSION = YES;
				CLANG_WARN_INT_CONVERSION = YES;
				CLANG_WARN_OBJC_ROOT_CLASS = YES_ERROR;
				CLANG_WARN_SUSPICIOUS_MOVE = YES;
				CLANG_WARN_UNREACHABLE_CODE = YES;
				CLANG_WARN__DUPLICATE_METHOD_MATCH = YES;
				"CODE_SIGN_IDENTITY[sdk=iphoneos*]" = "iPhone Developer";
				COPY_PHASE_STRIP = NO;
				DEBUG_INFORMATION_FORMAT = "dwarf-with-dsym";
				ENABLE_NS_ASSERTIONS = NO;
				ENABLE_STRICT_OBJC_MSGSEND = YES;
				GCC_C_LANGUAGE_STANDARD = gnu99;
				GCC_NO_COMMON_BLOCKS = YES;
				GCC_WARN_64_TO_32_BIT_CONVERSION = YES;
				GCC_WARN_ABOUT_RETURN_TYPE = YES_ERROR;
				GCC_WARN_UNDECLARED_SELECTOR = YES;
				GCC_WARN_UNINITIALIZED_AUTOS = YES_AGGRESSIVE;
				GCC_WARN_UNUSED_FUNCTION = YES;
				GCC_WARN_UNUSED_VARIABLE = YES;
				IPHONEOS_DEPLOYMENT_TARGET = 10.3;
				MTL_ENABLE_DEBUG_INFO = NO;
				SDKROOT = iphoneos;
				VALIDATE_PRODUCT = YES;
			};
			name = Release;
		};
		1FA1F68C1EB6F2330080E2C0 /* Debug */ = {
			isa = XCBuildConfiguration;
			buildSettings = {
				ASSETCATALOG_COMPILER_APPICON_NAME = AppIcon;
				DEVELOPMENT_TEAM = PCCZJUYRT6;
				INFOPLIST_FILE = CollectionViewTest/Resources/Info.plist;
				IPHONEOS_DEPLOYMENT_TARGET = 10.2;
				LD_RUNPATH_SEARCH_PATHS = "$(inherited) @executable_path/Frameworks";
				PRODUCT_BUNDLE_IDENTIFIER = stv.CollectionViewTest;
				PRODUCT_NAME = "$(TARGET_NAME)";
			};
			name = Debug;
		};
		1FA1F68D1EB6F2330080E2C0 /* Release */ = {
			isa = XCBuildConfiguration;
			buildSettings = {
				ASSETCATALOG_COMPILER_APPICON_NAME = AppIcon;
				DEVELOPMENT_TEAM = PCCZJUYRT6;
				INFOPLIST_FILE = CollectionViewTest/Resources/Info.plist;
				IPHONEOS_DEPLOYMENT_TARGET = 10.2;
				LD_RUNPATH_SEARCH_PATHS = "$(inherited) @executable_path/Frameworks";
				PRODUCT_BUNDLE_IDENTIFIER = stv.CollectionViewTest;
				PRODUCT_NAME = "$(TARGET_NAME)";
			};
			name = Release;
		};
		1FA1F68F1EB6F2330080E2C0 /* Debug */ = {
			isa = XCBuildConfiguration;
			buildSettings = {
				BUNDLE_LOADER = "$(TEST_HOST)";
				DEVELOPMENT_TEAM = PCCZJUYRT6;
				INFOPLIST_FILE = CollectionViewTestTests/Info.plist;
				LD_RUNPATH_SEARCH_PATHS = "$(inherited) @executable_path/Frameworks @loader_path/Frameworks";
				PRODUCT_BUNDLE_IDENTIFIER = stv.CollectionViewTestTests;
				PRODUCT_NAME = "$(TARGET_NAME)";
				TEST_HOST = "$(BUILT_PRODUCTS_DIR)/CollectionViewTest.app/CollectionViewTest";
			};
			name = Debug;
		};
		1FA1F6901EB6F2330080E2C0 /* Release */ = {
			isa = XCBuildConfiguration;
			buildSettings = {
				BUNDLE_LOADER = "$(TEST_HOST)";
				DEVELOPMENT_TEAM = PCCZJUYRT6;
				INFOPLIST_FILE = CollectionViewTestTests/Info.plist;
				LD_RUNPATH_SEARCH_PATHS = "$(inherited) @executable_path/Frameworks @loader_path/Frameworks";
				PRODUCT_BUNDLE_IDENTIFIER = stv.CollectionViewTestTests;
				PRODUCT_NAME = "$(TARGET_NAME)";
				TEST_HOST = "$(BUILT_PRODUCTS_DIR)/CollectionViewTest.app/CollectionViewTest";
			};
			name = Release;
		};
/* End XCBuildConfiguration section */

/* Begin XCConfigurationList section */
		1FA1F6641EB6F2330080E2C0 /* Build configuration list for PBXProject "CollectionViewTest" */ = {
			isa = XCConfigurationList;
			buildConfigurations = (
				1FA1F6891EB6F2330080E2C0 /* Debug */,
				1FA1F68A1EB6F2330080E2C0 /* Release */,
			);
			defaultConfigurationIsVisible = 0;
			defaultConfigurationName = Release;
		};
		1FA1F68B1EB6F2330080E2C0 /* Build configuration list for PBXNativeTarget "CollectionViewTest" */ = {
			isa = XCConfigurationList;
			buildConfigurations = (
				1FA1F68C1EB6F2330080E2C0 /* Debug */,
				1FA1F68D1EB6F2330080E2C0 /* Release */,
			);
			defaultConfigurationIsVisible = 0;
			defaultConfigurationName = Release;
		};
		1FA1F68E1EB6F2330080E2C0 /* Build configuration list for PBXNativeTarget "CollectionViewTestTests" */ = {
			isa = XCConfigurationList;
			buildConfigurations = (
				1FA1F68F1EB6F2330080E2C0 /* Debug */,
				1FA1F6901EB6F2330080E2C0 /* Release */,
			);
			defaultConfigurationIsVisible = 0;
			defaultConfigurationName = Release;
		};
/* End XCConfigurationList section */
	};
	rootObject = 1FA1F6611EB6F2330080E2C0 /* Project object */;
}
